
Microsoft Visual Studio Solution File, Format Version 12.00
# Visual Studio Version 17
VisualStudioVersion = 17.3.32901.215
MinimumVisualStudioVersion = 10.0.40219.1
Project("{9A19103F-16F7-4668-BE54-9A1E7A4F7556}") = "TicTacToe.FormUI", "TicTacToe.FormUI\TicTacToe.FormUI.csproj", "{63BAD0D5-19EC-4E0A-975B-5577D2192F04}"
EndProject
Project("{FAE04EC0-301F-11D3-BF4B-00C04F79EFBC}") = "TicTacToe.Core", "TicTacToe.Core\TicTacToe.Core.csproj", "{57633469-9B0C-4A43-A18B-2145893E4F82}"
EndProject
Project("{FAE04EC0-301F-11D3-BF4B-00C04F79EFBC}") = "TicTacToe.Test", "TicTacToe.Test\TicTacToe.Test.csproj", "{7B7352DA-D965-455F-8FD9-A06460F4A65D}"
EndProject
Global
	GlobalSection(SolutionConfigurationPlatforms) = preSolution
		Debug|Any CPU = Debug|Any CPU
		Release|Any CPU = Release|Any CPU
	EndGlobalSection
	GlobalSection(ProjectConfigurationPlatforms) = postSolution
		{63BAD0D5-19EC-4E0A-975B-5577D2192F04}.Debug|Any CPU.ActiveCfg = Debug|Any CPU
		{63BAD0D5-19EC-4E0A-975B-5577D2192F04}.Debug|Any CPU.Build.0 = Debug|Any CPU
		{63BAD0D5-19EC-4E0A-975B-5577D2192F04}.Release|Any CPU.ActiveCfg = Release|Any CPU
		{63BAD0D5-19EC-4E0A-975B-5577D2192F04}.Release|Any CPU.Build.0 = Release|Any CPU
		{57633469-9B0C-4A43-A18B-2145893E4F82}.Debug|Any CPU.ActiveCfg = Debug|Any CPU
		{57633469-9B0C-4A43-A18B-2145893E4F82}.Debug|Any CPU.Build.0 = Debug|Any CPU
		{57633469-9B0C-4A43-A18B-2145893E4F82}.Release|Any CPU.ActiveCfg = Release|Any CPU
		{57633469-9B0C-4A43-A18B-2145893E4F82}.Release|Any CPU.Build.0 = Release|Any CPU
		{7B7352DA-D965-455F-8FD9-A06460F4A65D}.Debug|Any CPU.ActiveCfg = Debug|Any CPU
		{7B7352DA-D965-455F-8FD9-A06460F4A65D}.Debug|Any CPU.Build.0 = Debug|Any CPU
		{7B7352DA-D965-455F-8FD9-A06460F4A65D}.Release|Any CPU.ActiveCfg = Release|Any CPU
		{7B7352DA-D965-455F-8FD9-A06460F4A65D}.Release|Any CPU.Build.0 = Release|Any CPU
	EndGlobalSection
	GlobalSection(SolutionProperties) = preSolution
		HideSolutionNode = FALSE
	EndGlobalSection
	GlobalSection(ExtensibilityGlobals) = postSolution
		SolutionGuid = {DA687B9A-7A65-42FC-B8A2-33A9D60B7CF2}
	EndGlobalSection
EndGlobal
